
Microsoft Visual Studio Solution File, Format Version 12.00
# Visual Studio 2017
Project("{FAE04EC0-301F-11D3-BF4B-00C04F79EFBC}") = "VR-trip test", "VR-trip test.csproj", "{3DBAF9FC-8E36-2478-94B3-9FD28E636C32}"
EndProject
Project("{FAE04EC0-301F-11D3-BF4B-00C04F79EFBC}") = "VR-trip test.Editor", "VR-trip test.Editor.csproj", "{D5C9207F-C6AA-DDBC-EAA6-912F26C5B450}"
EndProject
Global
	GlobalSection(SolutionConfigurationPlatforms) = preSolution
		Debug|Any CPU = Debug|Any CPU
		Release|Any CPU = Release|Any CPU
	EndGlobalSection
	GlobalSection(ProjectConfigurationPlatforms) = postSolution
		{3DBAF9FC-8E36-2478-94B3-9FD28E636C32}.Debug|Any CPU.ActiveCfg = Debug|Any CPU
		{3DBAF9FC-8E36-2478-94B3-9FD28E636C32}.Debug|Any CPU.Build.0 = Debug|Any CPU
		{3DBAF9FC-8E36-2478-94B3-9FD28E636C32}.Release|Any CPU.ActiveCfg = Release|Any CPU
		{3DBAF9FC-8E36-2478-94B3-9FD28E636C32}.Release|Any CPU.Build.0 = Release|Any CPU
		{D5C9207F-C6AA-DDBC-EAA6-912F26C5B450}.Debug|Any CPU.ActiveCfg = Debug|Any CPU
		{D5C9207F-C6AA-DDBC-EAA6-912F26C5B450}.Debug|Any CPU.Build.0 = Debug|Any CPU
		{D5C9207F-C6AA-DDBC-EAA6-912F26C5B450}.Release|Any CPU.ActiveCfg = Release|Any CPU
		{D5C9207F-C6AA-DDBC-EAA6-912F26C5B450}.Release|Any CPU.Build.0 = Release|Any CPU
	EndGlobalSection
	GlobalSection(SolutionProperties) = preSolution
		HideSolutionNode = FALSE
	EndGlobalSection
EndGlobal
